
Microsoft Visual Studio Solution File, Format Version 12.00
# Visual Studio Version 16
VisualStudioVersion = 16.0.34301.259
MinimumVisualStudioVersion = 10.0.40219.1
Project("{FAE04EC0-301F-11D3-BF4B-00C04F79EFBC}") = "ContosoUniversity", "ContosoUniversity\ContosoUniversity.csproj", "{C5F83E83-E843-46D5-B6FF-AC2B30767BD8}"
EndProject
Global
	GlobalSection(SolutionConfigurationPlatforms) = preSolution
		Debug|Any CPU = Debug|Any CPU
		Release|Any CPU = Release|Any CPU
	EndGlobalSection
	GlobalSection(ProjectConfigurationPlatforms) = postSolution
		{C5F83E83-E843-46D5-B6FF-AC2B30767BD8}.Debug|Any CPU.ActiveCfg = Debug|Any CPU
		{C5F83E83-E843-46D5-B6FF-AC2B30767BD8}.Debug|Any CPU.Build.0 = Debug|Any CPU
		{C5F83E83-E843-46D5-B6FF-AC2B30767BD8}.Release|Any CPU.ActiveCfg = Release|Any CPU
		{C5F83E83-E843-46D5-B6FF-AC2B30767BD8}.Release|Any CPU.Build.0 = Release|Any CPU
	EndGlobalSection
	GlobalSection(SolutionProperties) = preSolution
		HideSolutionNode = FALSE
	EndGlobalSection
	GlobalSection(ExtensibilityGlobals) = postSolution
		SolutionGuid = {5CCBA18E-2E34-4AE8-BB42-62E53D1246D7}
	EndGlobalSection
EndGlobal
